
Microsoft Visual Studio Solution File, Format Version 12.00
# Visual Studio 15
VisualStudioVersion = 15.0.28307.757
MinimumVisualStudioVersion = 10.0.40219.1
Project("{9A19103F-16F7-4668-BE54-9A1E7A4F7556}") = "ProductWebApplication", "ProductWebApplication\ProductWebApplication.csproj", "{6B2F80AA-8C99-4F5F-8FCF-A9CBFB890109}"
EndProject
Project("{9A19103F-16F7-4668-BE54-9A1E7A4F7556}") = "ProductWebApplication.Data", "ProductWebApplication.Data\ProductWebApplication.Data.csproj", "{D66BDC8D-71AD-4465-8268-92766733B18B}"
EndProject
Project("{9A19103F-16F7-4668-BE54-9A1E7A4F7556}") = "ProductWebApplication.Services", "ProductWebApplication.Services\ProductWebApplication.Services.csproj", "{684D1A8E-0AE8-49F2-A8E3-90B1D8EBEB62}"
EndProject
Project("{FAE04EC0-301F-11D3-BF4B-00C04F79EFBC}") = "ProductWebApplication.UnitTest", "ProductWebApplication.UnitTest\ProductWebApplication.UnitTest.csproj", "{1F183238-049B-43E5-BD2B-82FB74208CA5}"
	ProjectSection(ProjectDependencies) = postProject
		{6B2F80AA-8C99-4F5F-8FCF-A9CBFB890109} = {6B2F80AA-8C99-4F5F-8FCF-A9CBFB890109}
	EndProjectSection
EndProject
Global
	GlobalSection(SolutionConfigurationPlatforms) = preSolution
		Debug|Any CPU = Debug|Any CPU
		Release|Any CPU = Release|Any CPU
	EndGlobalSection
	GlobalSection(ProjectConfigurationPlatforms) = postSolution
		{6B2F80AA-8C99-4F5F-8FCF-A9CBFB890109}.Debug|Any CPU.ActiveCfg = Debug|Any CPU
		{6B2F80AA-8C99-4F5F-8FCF-A9CBFB890109}.Debug|Any CPU.Build.0 = Debug|Any CPU
		{6B2F80AA-8C99-4F5F-8FCF-A9CBFB890109}.Release|Any CPU.ActiveCfg = Release|Any CPU
		{6B2F80AA-8C99-4F5F-8FCF-A9CBFB890109}.Release|Any CPU.Build.0 = Release|Any CPU
		{D66BDC8D-71AD-4465-8268-92766733B18B}.Debug|Any CPU.ActiveCfg = Debug|Any CPU
		{D66BDC8D-71AD-4465-8268-92766733B18B}.Debug|Any CPU.Build.0 = Debug|Any CPU
		{D66BDC8D-71AD-4465-8268-92766733B18B}.Release|Any CPU.ActiveCfg = Release|Any CPU
		{D66BDC8D-71AD-4465-8268-92766733B18B}.Release|Any CPU.Build.0 = Release|Any CPU
		{684D1A8E-0AE8-49F2-A8E3-90B1D8EBEB62}.Debug|Any CPU.ActiveCfg = Debug|Any CPU
		{684D1A8E-0AE8-49F2-A8E3-90B1D8EBEB62}.Debug|Any CPU.Build.0 = Debug|Any CPU
		{684D1A8E-0AE8-49F2-A8E3-90B1D8EBEB62}.Release|Any CPU.ActiveCfg = Release|Any CPU
		{684D1A8E-0AE8-49F2-A8E3-90B1D8EBEB62}.Release|Any CPU.Build.0 = Release|Any CPU
		{1F183238-049B-43E5-BD2B-82FB74208CA5}.Debug|Any CPU.ActiveCfg = Debug|Any CPU
		{1F183238-049B-43E5-BD2B-82FB74208CA5}.Debug|Any CPU.Build.0 = Debug|Any CPU
		{1F183238-049B-43E5-BD2B-82FB74208CA5}.Release|Any CPU.ActiveCfg = Release|Any CPU
		{1F183238-049B-43E5-BD2B-82FB74208CA5}.Release|Any CPU.Build.0 = Release|Any CPU
	EndGlobalSection
	GlobalSection(SolutionProperties) = preSolution
		HideSolutionNode = FALSE
	EndGlobalSection
	GlobalSection(ExtensibilityGlobals) = postSolution
		SolutionGuid = {95A41002-49E8-4D15-AA68-4B00FA980C8F}
	EndGlobalSection
EndGlobal
